
Microsoft Visual Studio Solution File, Format Version 12.00
# Visual Studio Version 17
VisualStudioVersion = 17.8.34511.84
MinimumVisualStudioVersion = 10.0.40219.1
Project("{FAE04EC0-301F-11D3-BF4B-00C04F79EFBC}") = "Weather.Web", "Weather.Web\Weather.Web.csproj", "{07FBE826-46AA-4E0B-A9C0-B617877CF298}"
EndProject
Global
	GlobalSection(SolutionConfigurationPlatforms) = preSolution
		Debug|Any CPU = Debug|Any CPU
		Release|Any CPU = Release|Any CPU
	EndGlobalSection
	GlobalSection(ProjectConfigurationPlatforms) = postSolution
		{07FBE826-46AA-4E0B-A9C0-B617877CF298}.Debug|Any CPU.ActiveCfg = Debug|Any CPU
		{07FBE826-46AA-4E0B-A9C0-B617877CF298}.Debug|Any CPU.Build.0 = Debug|Any CPU
		{07FBE826-46AA-4E0B-A9C0-B617877CF298}.Release|Any CPU.ActiveCfg = Release|Any CPU
		{07FBE826-46AA-4E0B-A9C0-B617877CF298}.Release|Any CPU.Build.0 = Release|Any CPU
	EndGlobalSection
	GlobalSection(SolutionProperties) = preSolution
		HideSolutionNode = FALSE
	EndGlobalSection
	GlobalSection(ExtensibilityGlobals) = postSolution
		SolutionGuid = {C129CA24-53EA-40F7-AC54-0B01726019BB}
	EndGlobalSection
EndGlobal
